
Microsoft Visual Studio Solution File, Format Version 12.00
# Visual Studio Version 17
VisualStudioVersion = 17.4.33213.308
MinimumVisualStudioVersion = 10.0.40219.1
Project("{9A19103F-16F7-4668-BE54-9A1E7A4F7556}") = "BlazorCRUD", "BlazorCRUD\BlazorCRUD.csproj", "{7FE9DE73-4621-47C8-858D-A36D0342A3A3}"
EndProject
Global
	GlobalSection(SolutionConfigurationPlatforms) = preSolution
		Debug|Any CPU = Debug|Any CPU
		Release|Any CPU = Release|Any CPU
	EndGlobalSection
	GlobalSection(ProjectConfigurationPlatforms) = postSolution
		{7FE9DE73-4621-47C8-858D-A36D0342A3A3}.Debug|Any CPU.ActiveCfg = Debug|Any CPU
		{7FE9DE73-4621-47C8-858D-A36D0342A3A3}.Debug|Any CPU.Build.0 = Debug|Any CPU
		{7FE9DE73-4621-47C8-858D-A36D0342A3A3}.Release|Any CPU.ActiveCfg = Release|Any CPU
		{7FE9DE73-4621-47C8-858D-A36D0342A3A3}.Release|Any CPU.Build.0 = Release|Any CPU
	EndGlobalSection
	GlobalSection(SolutionProperties) = preSolution
		HideSolutionNode = FALSE
	EndGlobalSection
	GlobalSection(ExtensibilityGlobals) = postSolution
		SolutionGuid = {9CDB195A-2DDD-481A-B1EF-76598CA92B9F}
	EndGlobalSection
EndGlobal
